
Microsoft Visual Studio Solution File, Format Version 12.00
# Visual Studio 15
VisualStudioVersion = 15.0.26403.7
MinimumVisualStudioVersion = 10.0.40219.1
Project("{FAE04EC0-301F-11D3-BF4B-00C04F79EFBC}") = "cerebro", "cerebro\cerebro.csproj", "{A3EBC65B-1BA2-49D2-8578-F21E93659ECF}"
EndProject
Project("{FAE04EC0-301F-11D3-BF4B-00C04F79EFBC}") = "cerebro-DataAccessLayer", "cerebro-DataAccessLayer\cerebro-DataAccessLayer.csproj", "{E67C1317-1652-4C2E-AF7F-4774805E6B18}"
EndProject
Project("{FAE04EC0-301F-11D3-BF4B-00C04F79EFBC}") = "cerebro-BusinessLogicLayer", "cerebro-BusinessLogicLayer\cerebro-BusinessLogicLayer.csproj", "{662E72A4-6B96-4E6A-B113-D8599E3AEFFA}"
EndProject
Project("{FAE04EC0-301F-11D3-BF4B-00C04F79EFBC}") = "cerebro-ServiceLayer", "cerebro-ServiceLayer\cerebro-ServiceLayer.csproj", "{E96F2DC5-8A0E-4567-995D-0A45FA7FD1F6}"
EndProject
Project("{FAE04EC0-301F-11D3-BF4B-00C04F79EFBC}") = "MainCagado", "MainCagado\MainCagado.csproj", "{3D79FA42-2A04-4794-8C71-6D031550D2A8}"
EndProject
Project("{FAE04EC0-301F-11D3-BF4B-00C04F79EFBC}") = "cerebro-backOffice", "cerebro-backOffice\cerebro-backOffice.csproj", "{A60D8024-AEA8-44EB-ACAA-7E4A23EE13E8}"
EndProject
Project("{FAE04EC0-301F-11D3-BF4B-00C04F79EFBC}") = "cerebro-frontOffice", "cerebro-frontOffice\cerebro-frontOffice.csproj", "{76F7F575-F01E-46AF-BE2B-D428893299AE}"
EndProject
Global
	GlobalSection(SolutionConfigurationPlatforms) = preSolution
		Debug|Any CPU = Debug|Any CPU
		Release|Any CPU = Release|Any CPU
	EndGlobalSection
	GlobalSection(ProjectConfigurationPlatforms) = postSolution
		{A3EBC65B-1BA2-49D2-8578-F21E93659ECF}.Debug|Any CPU.ActiveCfg = Debug|Any CPU
		{A3EBC65B-1BA2-49D2-8578-F21E93659ECF}.Debug|Any CPU.Build.0 = Debug|Any CPU
		{A3EBC65B-1BA2-49D2-8578-F21E93659ECF}.Release|Any CPU.ActiveCfg = Release|Any CPU
		{A3EBC65B-1BA2-49D2-8578-F21E93659ECF}.Release|Any CPU.Build.0 = Release|Any CPU
		{E67C1317-1652-4C2E-AF7F-4774805E6B18}.Debug|Any CPU.ActiveCfg = Debug|Any CPU
		{E67C1317-1652-4C2E-AF7F-4774805E6B18}.Debug|Any CPU.Build.0 = Debug|Any CPU
		{E67C1317-1652-4C2E-AF7F-4774805E6B18}.Release|Any CPU.ActiveCfg = Release|Any CPU
		{E67C1317-1652-4C2E-AF7F-4774805E6B18}.Release|Any CPU.Build.0 = Release|Any CPU
		{662E72A4-6B96-4E6A-B113-D8599E3AEFFA}.Debug|Any CPU.ActiveCfg = Debug|Any CPU
		{662E72A4-6B96-4E6A-B113-D8599E3AEFFA}.Debug|Any CPU.Build.0 = Debug|Any CPU
		{662E72A4-6B96-4E6A-B113-D8599E3AEFFA}.Release|Any CPU.ActiveCfg = Release|Any CPU
		{662E72A4-6B96-4E6A-B113-D8599E3AEFFA}.Release|Any CPU.Build.0 = Release|Any CPU
		{E96F2DC5-8A0E-4567-995D-0A45FA7FD1F6}.Debug|Any CPU.ActiveCfg = Debug|Any CPU
		{E96F2DC5-8A0E-4567-995D-0A45FA7FD1F6}.Debug|Any CPU.Build.0 = Debug|Any CPU
		{E96F2DC5-8A0E-4567-995D-0A45FA7FD1F6}.Release|Any CPU.ActiveCfg = Release|Any CPU
		{E96F2DC5-8A0E-4567-995D-0A45FA7FD1F6}.Release|Any CPU.Build.0 = Release|Any CPU
		{3D79FA42-2A04-4794-8C71-6D031550D2A8}.Debug|Any CPU.ActiveCfg = Debug|Any CPU
		{3D79FA42-2A04-4794-8C71-6D031550D2A8}.Debug|Any CPU.Build.0 = Debug|Any CPU
		{3D79FA42-2A04-4794-8C71-6D031550D2A8}.Release|Any CPU.ActiveCfg = Release|Any CPU
		{3D79FA42-2A04-4794-8C71-6D031550D2A8}.Release|Any CPU.Build.0 = Release|Any CPU
		{A60D8024-AEA8-44EB-ACAA-7E4A23EE13E8}.Debug|Any CPU.ActiveCfg = Debug|Any CPU
		{A60D8024-AEA8-44EB-ACAA-7E4A23EE13E8}.Debug|Any CPU.Build.0 = Debug|Any CPU
		{A60D8024-AEA8-44EB-ACAA-7E4A23EE13E8}.Release|Any CPU.ActiveCfg = Release|Any CPU
		{A60D8024-AEA8-44EB-ACAA-7E4A23EE13E8}.Release|Any CPU.Build.0 = Release|Any CPU
		{76F7F575-F01E-46AF-BE2B-D428893299AE}.Debug|Any CPU.ActiveCfg = Debug|Any CPU
		{76F7F575-F01E-46AF-BE2B-D428893299AE}.Debug|Any CPU.Build.0 = Debug|Any CPU
		{76F7F575-F01E-46AF-BE2B-D428893299AE}.Release|Any CPU.ActiveCfg = Release|Any CPU
		{76F7F575-F01E-46AF-BE2B-D428893299AE}.Release|Any CPU.Build.0 = Release|Any CPU
	EndGlobalSection
	GlobalSection(SolutionProperties) = preSolution
		HideSolutionNode = FALSE
	EndGlobalSection
EndGlobal
